
Microsoft Visual Studio Solution File, Format Version 12.00
# Visual Studio Version 17
VisualStudioVersion = 17.13.35825.156
MinimumVisualStudioVersion = 10.0.40219.1
Project("{FAE04EC0-301F-11D3-BF4B-00C04F79EFBC}") = "Luna", "Luna\Luna.csproj", "{32C0A3E3-0093-4FA7-B568-9C82185126BA}"
EndProject
Global
	GlobalSection(SolutionConfigurationPlatforms) = preSolution
		Debug|Any CPU = Debug|Any CPU
		Release|Any CPU = Release|Any CPU
	EndGlobalSection
	GlobalSection(ProjectConfigurationPlatforms) = postSolution
		{32C0A3E3-0093-4FA7-B568-9C82185126BA}.Debug|Any CPU.ActiveCfg = Debug|Any CPU
		{32C0A3E3-0093-4FA7-B568-9C82185126BA}.Debug|Any CPU.Build.0 = Debug|Any CPU
		{32C0A3E3-0093-4FA7-B568-9C82185126BA}.Debug|Any CPU.Deploy.0 = Debug|Any CPU
		{32C0A3E3-0093-4FA7-B568-9C82185126BA}.Release|Any CPU.ActiveCfg = Release|Any CPU
		{32C0A3E3-0093-4FA7-B568-9C82185126BA}.Release|Any CPU.Build.0 = Release|Any CPU
	EndGlobalSection
	GlobalSection(SolutionProperties) = preSolution
		HideSolutionNode = FALSE
	EndGlobalSection
	GlobalSection(ExtensibilityGlobals) = postSolution
		SolutionGuid = {C11F6E2E-ABB9-4E8C-942C-7D7E2A1D68BC}
	EndGlobalSection
EndGlobal
